
Microsoft Visual Studio Solution File, Format Version 12.00
# Visual Studio 15
VisualStudioVersion = 15.0.28010.2041
MinimumVisualStudioVersion = 10.0.40219.1
Project("{FAE04EC0-301F-11D3-BF4B-00C04F79EFBC}") = "PropinaApp.Android", "PropinaApp\PropinaApp.Android\PropinaApp.Android.csproj", "{956F0E7A-2A84-4887-8303-6146B4A15790}"
EndProject
Project("{FAE04EC0-301F-11D3-BF4B-00C04F79EFBC}") = "PropinaApp.iOS", "PropinaApp\PropinaApp.iOS\PropinaApp.iOS.csproj", "{F60F2ED2-FBEE-4521-AC83-7EB804211E13}"
EndProject
Project("{FAE04EC0-301F-11D3-BF4B-00C04F79EFBC}") = "PropinaApp.UWP", "PropinaApp\PropinaApp.UWP\PropinaApp.UWP.csproj", "{CBB60BA0-70C1-4B43-95BA-E1A86B4EEF6C}"
EndProject
Project("{FAE04EC0-301F-11D3-BF4B-00C04F79EFBC}") = "PropinaApp", "PropinaApp\PropinaApp\PropinaApp.csproj", "{BD3228CC-39B2-403D-B950-BF72B5C9221D}"
EndProject
Global
	GlobalSection(SolutionConfigurationPlatforms) = preSolution
		Ad-Hoc|Any CPU = Ad-Hoc|Any CPU
		Ad-Hoc|ARM = Ad-Hoc|ARM
		Ad-Hoc|iPhone = Ad-Hoc|iPhone
		Ad-Hoc|iPhoneSimulator = Ad-Hoc|iPhoneSimulator
		Ad-Hoc|x64 = Ad-Hoc|x64
		Ad-Hoc|x86 = Ad-Hoc|x86
		AppStore|Any CPU = AppStore|Any CPU
		AppStore|ARM = AppStore|ARM
		AppStore|iPhone = AppStore|iPhone
		AppStore|iPhoneSimulator = AppStore|iPhoneSimulator
		AppStore|x64 = AppStore|x64
		AppStore|x86 = AppStore|x86
		Debug|Any CPU = Debug|Any CPU
		Debug|ARM = Debug|ARM
		Debug|iPhone = Debug|iPhone
		Debug|iPhoneSimulator = Debug|iPhoneSimulator
		Debug|x64 = Debug|x64
		Debug|x86 = Debug|x86
		Release|Any CPU = Release|Any CPU
		Release|ARM = Release|ARM
		Release|iPhone = Release|iPhone
		Release|iPhoneSimulator = Release|iPhoneSimulator
		Release|x64 = Release|x64
		Release|x86 = Release|x86
	EndGlobalSection
	GlobalSection(ProjectConfigurationPlatforms) = postSolution
		{956F0E7A-2A84-4887-8303-6146B4A15790}.Ad-Hoc|Any CPU.ActiveCfg = Release|Any CPU
		{956F0E7A-2A84-4887-8303-6146B4A15790}.Ad-Hoc|Any CPU.Build.0 = Release|Any CPU
		{956F0E7A-2A84-4887-8303-6146B4A15790}.Ad-Hoc|Any CPU.Deploy.0 = Release|Any CPU
		{956F0E7A-2A84-4887-8303-6146B4A15790}.Ad-Hoc|ARM.ActiveCfg = Release|Any CPU
		{956F0E7A-2A84-4887-8303-6146B4A15790}.Ad-Hoc|ARM.Build.0 = Release|Any CPU
		{956F0E7A-2A84-4887-8303-6146B4A15790}.Ad-Hoc|ARM.Deploy.0 = Release|Any CPU
		{956F0E7A-2A84-4887-8303-6146B4A15790}.Ad-Hoc|iPhone.ActiveCfg = Release|Any CPU
		{956F0E7A-2A84-4887-8303-6146B4A15790}.Ad-Hoc|iPhone.Build.0 = Release|Any CPU
		{956F0E7A-2A84-4887-8303-6146B4A15790}.Ad-Hoc|iPhone.Deploy.0 = Release|Any CPU
		{956F0E7A-2A84-4887-8303-6146B4A15790}.Ad-Hoc|iPhoneSimulator.ActiveCfg = Release|Any CPU
		{956F0E7A-2A84-4887-8303-6146B4A15790}.Ad-Hoc|iPhoneSimulator.Build.0 = Release|Any CPU
		{956F0E7A-2A84-4887-8303-6146B4A15790}.Ad-Hoc|iPhoneSimulator.Deploy.0 = Release|Any CPU
		{956F0E7A-2A84-4887-8303-6146B4A15790}.Ad-Hoc|x64.ActiveCfg = Release|Any CPU
		{956F0E7A-2A84-4887-8303-6146B4A15790}.Ad-Hoc|x64.Build.0 = Release|Any CPU
		{956F0E7A-2A84-4887-8303-6146B4A15790}.Ad-Hoc|x64.Deploy.0 = Release|Any CPU
		{956F0E7A-2A84-4887-8303-6146B4A15790}.Ad-Hoc|x86.ActiveCfg = Release|Any CPU
		{956F0E7A-2A84-4887-8303-6146B4A15790}.Ad-Hoc|x86.Build.0 = Release|Any CPU
		{956F0E7A-2A84-4887-8303-6146B4A15790}.Ad-Hoc|x86.Deploy.0 = Release|Any CPU
		{956F0E7A-2A84-4887-8303-6146B4A15790}.AppStore|Any CPU.ActiveCfg = Release|Any CPU
		{956F0E7A-2A84-4887-8303-6146B4A15790}.AppStore|Any CPU.Build.0 = Release|Any CPU
		{956F0E7A-2A84-4887-8303-6146B4A15790}.AppStore|Any CPU.Deploy.0 = Release|Any CPU
		{956F0E7A-2A84-4887-8303-6146B4A15790}.AppStore|ARM.ActiveCfg = Release|Any CPU
		{956F0E7A-2A84-4887-8303-6146B4A15790}.AppStore|ARM.Build.0 = Release|Any CPU
		{956F0E7A-2A84-4887-8303-6146B4A15790}.AppStore|ARM.Deploy.0 = Release|Any CPU
		{956F0E7A-2A84-4887-8303-6146B4A15790}.AppStore|iPhone.ActiveCfg = Release|Any CPU
		{956F0E7A-2A84-4887-8303-6146B4A15790}.AppStore|iPhone.Build.0 = Release|Any CPU
		{956F0E7A-2A84-4887-8303-6146B4A15790}.AppStore|iPhone.Deploy.0 = Release|Any CPU
		{956F0E7A-2A84-4887-8303-6146B4A15790}.AppStore|iPhoneSimulator.ActiveCfg = Release|Any CPU
		{956F0E7A-2A84-4887-8303-6146B4A15790}.AppStore|iPhoneSimulator.Build.0 = Release|Any CPU
		{956F0E7A-2A84-4887-8303-6146B4A15790}.AppStore|iPhoneSimulator.Deploy.0 = Release|Any CPU
		{956F0E7A-2A84-4887-8303-6146B4A15790}.AppStore|x64.ActiveCfg = Release|Any CPU
		{956F0E7A-2A84-4887-8303-6146B4A15790}.AppStore|x64.Build.0 = Release|Any CPU
		{956F0E7A-2A84-4887-8303-6146B4A15790}.AppStore|x64.Deploy.0 = Release|Any CPU
		{956F0E7A-2A84-4887-8303-6146B4A15790}.AppStore|x86.ActiveCfg = Release|Any CPU
		{956F0E7A-2A84-4887-8303-6146B4A15790}.AppStore|x86.Build.0 = Release|Any CPU
		{956F0E7A-2A84-4887-8303-6146B4A15790}.AppStore|x86.Deploy.0 = Release|Any CPU
		{956F0E7A-2A84-4887-8303-6146B4A15790}.Debug|Any CPU.ActiveCfg = Debug|Any CPU
		{956F0E7A-2A84-4887-8303-6146B4A15790}.Debug|Any CPU.Build.0 = Debug|Any CPU
		{956F0E7A-2A84-4887-8303-6146B4A15790}.Debug|Any CPU.Deploy.0 = Debug|Any CPU
		{956F0E7A-2A84-4887-8303-6146B4A15790}.Debug|ARM.ActiveCfg = Debug|Any CPU
		{956F0E7A-2A84-4887-8303-6146B4A15790}.Debug|ARM.Build.0 = Debug|Any CPU
		{956F0E7A-2A84-4887-8303-6146B4A15790}.Debug|ARM.Deploy.0 = Debug|Any CPU
		{956F0E7A-2A84-4887-8303-6146B4A15790}.Debug|iPhone.ActiveCfg = Debug|Any CPU
		{956F0E7A-2A84-4887-8303-6146B4A15790}.Debug|iPhone.Build.0 = Debug|Any CPU
		{956F0E7A-2A84-4887-8303-6146B4A15790}.Debug|iPhone.Deploy.0 = Debug|Any CPU
		{956F0E7A-2A84-4887-8303-6146B4A15790}.Debug|iPhoneSimulator.ActiveCfg = Debug|Any CPU
		{956F0E7A-2A84-4887-8303-6146B4A15790}.Debug|iPhoneSimulator.Build.0 = Debug|Any CPU
		{956F0E7A-2A84-4887-8303-6146B4A15790}.Debug|iPhoneSimulator.Deploy.0 = Debug|Any CPU
		{956F0E7A-2A84-4887-8303-6146B4A15790}.Debug|x64.ActiveCfg = Debug|Any CPU
		{956F0E7A-2A84-4887-8303-6146B4A15790}.Debug|x64.Build.0 = Debug|Any CPU
		{956F0E7A-2A84-4887-8303-6146B4A15790}.Debug|x64.Deploy.0 = Debug|Any CPU
		{956F0E7A-2A84-4887-8303-6146B4A15790}.Debug|x86.ActiveCfg = Debug|Any CPU
		{956F0E7A-2A84-4887-8303-6146B4A15790}.Debug|x86.Build.0 = Debug|Any CPU
		{956F0E7A-2A84-4887-8303-6146B4A15790}.Debug|x86.Deploy.0 = Debug|Any CPU
		{956F0E7A-2A84-4887-8303-6146B4A15790}.Release|Any CPU.ActiveCfg = Release|Any CPU
		{956F0E7A-2A84-4887-8303-6146B4A15790}.Release|Any CPU.Build.0 = Release|Any CPU
		{956F0E7A-2A84-4887-8303-6146B4A15790}.Release|Any CPU.Deploy.0 = Release|Any CPU
		{956F0E7A-2A84-4887-8303-6146B4A15790}.Release|ARM.ActiveCfg = Release|Any CPU
		{956F0E7A-2A84-4887-8303-6146B4A15790}.Release|ARM.Build.0 = Release|Any CPU
		{956F0E7A-2A84-4887-8303-6146B4A15790}.Release|ARM.Deploy.0 = Release|Any CPU
		{956F0E7A-2A84-4887-8303-6146B4A15790}.Release|iPhone.ActiveCfg = Release|Any CPU
		{956F0E7A-2A84-4887-8303-6146B4A15790}.Release|iPhone.Build.0 = Release|Any CPU
		{956F0E7A-2A84-4887-8303-6146B4A15790}.Release|iPhone.Deploy.0 = Release|Any CPU
		{956F0E7A-2A84-4887-8303-6146B4A15790}.Release|iPhoneSimulator.ActiveCfg = Release|Any CPU
		{956F0E7A-2A84-4887-8303-6146B4A15790}.Release|iPhoneSimulator.Build.0 = Release|Any CPU
		{956F0E7A-2A84-4887-8303-6146B4A15790}.Release|iPhoneSimulator.Deploy.0 = Release|Any CPU
		{956F0E7A-2A84-4887-8303-6146B4A15790}.Release|x64.ActiveCfg = Release|Any CPU
		{956F0E7A-2A84-4887-8303-6146B4A15790}.Release|x64.Build.0 = Release|Any CPU
		{956F0E7A-2A84-4887-8303-6146B4A15790}.Release|x64.Deploy.0 = Release|Any CPU
		{956F0E7A-2A84-4887-8303-6146B4A15790}.Release|x86.ActiveCfg = Release|Any CPU
		{956F0E7A-2A84-4887-8303-6146B4A15790}.Release|x86.Build.0 = Release|Any CPU
		{956F0E7A-2A84-4887-8303-6146B4A15790}.Release|x86.Deploy.0 = Release|Any CPU
		{F60F2ED2-FBEE-4521-AC83-7EB804211E13}.Ad-Hoc|Any CPU.ActiveCfg = Ad-Hoc|iPhone
		{F60F2ED2-FBEE-4521-AC83-7EB804211E13}.Ad-Hoc|Any CPU.Build.0 = Ad-Hoc|iPhone
		{F60F2ED2-FBEE-4521-AC83-7EB804211E13}.Ad-Hoc|Any CPU.Deploy.0 = Ad-Hoc|iPhone
		{F60F2ED2-FBEE-4521-AC83-7EB804211E13}.Ad-Hoc|ARM.ActiveCfg = Ad-Hoc|iPhone
		{F60F2ED2-FBEE-4521-AC83-7EB804211E13}.Ad-Hoc|ARM.Build.0 = Ad-Hoc|iPhone
		{F60F2ED2-FBEE-4521-AC83-7EB804211E13}.Ad-Hoc|ARM.Deploy.0 = Ad-Hoc|iPhone
		{F60F2ED2-FBEE-4521-AC83-7EB804211E13}.Ad-Hoc|iPhone.ActiveCfg = Ad-Hoc|iPhone
		{F60F2ED2-FBEE-4521-AC83-7EB804211E13}.Ad-Hoc|iPhone.Build.0 = Ad-Hoc|iPhone
		{F60F2ED2-FBEE-4521-AC83-7EB804211E13}.Ad-Hoc|iPhone.Deploy.0 = Ad-Hoc|iPhone
		{F60F2ED2-FBEE-4521-AC83-7EB804211E13}.Ad-Hoc|iPhoneSimulator.ActiveCfg = Ad-Hoc|iPhoneSimulator
		{F60F2ED2-FBEE-4521-AC83-7EB804211E13}.Ad-Hoc|iPhoneSimulator.Build.0 = Ad-Hoc|iPhoneSimulator
		{F60F2ED2-FBEE-4521-AC83-7EB804211E13}.Ad-Hoc|iPhoneSimulator.Deploy.0 = Ad-Hoc|iPhoneSimulator
		{F60F2ED2-FBEE-4521-AC83-7EB804211E13}.Ad-Hoc|x64.ActiveCfg = Ad-Hoc|iPhone
		{F60F2ED2-FBEE-4521-AC83-7EB804211E13}.Ad-Hoc|x64.Build.0 = Ad-Hoc|iPhone
		{F60F2ED2-FBEE-4521-AC83-7EB804211E13}.Ad-Hoc|x64.Deploy.0 = Ad-Hoc|iPhone
		{F60F2ED2-FBEE-4521-AC83-7EB804211E13}.Ad-Hoc|x86.ActiveCfg = Ad-Hoc|iPhone
		{F60F2ED2-FBEE-4521-AC83-7EB804211E13}.Ad-Hoc|x86.Build.0 = Ad-Hoc|iPhone
		{F60F2ED2-FBEE-4521-AC83-7EB804211E13}.Ad-Hoc|x86.Deploy.0 = Ad-Hoc|iPhone
		{F60F2ED2-FBEE-4521-AC83-7EB804211E13}.AppStore|Any CPU.ActiveCfg = AppStore|iPhone
		{F60F2ED2-FBEE-4521-AC83-7EB804211E13}.AppStore|Any CPU.Build.0 = AppStore|iPhone
		{F60F2ED2-FBEE-4521-AC83-7EB804211E13}.AppStore|Any CPU.Deploy.0 = AppStore|iPhone
		{F60F2ED2-FBEE-4521-AC83-7EB804211E13}.AppStore|ARM.ActiveCfg = AppStore|iPhone
		{F60F2ED2-FBEE-4521-AC83-7EB804211E13}.AppStore|ARM.Build.0 = AppStore|iPhone
		{F60F2ED2-FBEE-4521-AC83-7EB804211E13}.AppStore|ARM.Deploy.0 = AppStore|iPhone
		{F60F2ED2-FBEE-4521-AC83-7EB804211E13}.AppStore|iPhone.ActiveCfg = AppStore|iPhone
		{F60F2ED2-FBEE-4521-AC83-7EB804211E13}.AppStore|iPhone.Build.0 = AppStore|iPhone
		{F60F2ED2-FBEE-4521-AC83-7EB804211E13}.AppStore|iPhone.Deploy.0 = AppStore|iPhone
		{F60F2ED2-FBEE-4521-AC83-7EB804211E13}.AppStore|iPhoneSimulator.ActiveCfg = AppStore|iPhoneSimulator
		{F60F2ED2-FBEE-4521-AC83-7EB804211E13}.AppStore|iPhoneSimulator.Build.0 = AppStore|iPhoneSimulator
		{F60F2ED2-FBEE-4521-AC83-7EB804211E13}.AppStore|iPhoneSimulator.Deploy.0 = AppStore|iPhoneSimulator
		{F60F2ED2-FBEE-4521-AC83-7EB804211E13}.AppStore|x64.ActiveCfg = AppStore|iPhone
		{F60F2ED2-FBEE-4521-AC83-7EB804211E13}.AppStore|x64.Build.0 = AppStore|iPhone
		{F60F2ED2-FBEE-4521-AC83-7EB804211E13}.AppStore|x64.Deploy.0 = AppStore|iPhone
		{F60F2ED2-FBEE-4521-AC83-7EB804211E13}.AppStore|x86.ActiveCfg = AppStore|iPhone
		{F60F2ED2-FBEE-4521-AC83-7EB804211E13}.AppStore|x86.Build.0 = AppStore|iPhone
		{F60F2ED2-FBEE-4521-AC83-7EB804211E13}.AppStore|x86.Deploy.0 = AppStore|iPhone
		{F60F2ED2-FBEE-4521-AC83-7EB804211E13}.Debug|Any CPU.ActiveCfg = Debug|iPhoneSimulator
		{F60F2ED2-FBEE-4521-AC83-7EB804211E13}.Debug|Any CPU.Build.0 = Debug|iPhoneSimulator
		{F60F2ED2-FBEE-4521-AC83-7EB804211E13}.Debug|Any CPU.Deploy.0 = Debug|iPhoneSimulator
		{F60F2ED2-FBEE-4521-AC83-7EB804211E13}.Debug|ARM.ActiveCfg = Debug|iPhone
		{F60F2ED2-FBEE-4521-AC83-7EB804211E13}.Debug|ARM.Build.0 = Debug|iPhone
		{F60F2ED2-FBEE-4521-AC83-7EB804211E13}.Debug|ARM.Deploy.0 = Debug|iPhone
		{F60F2ED2-FBEE-4521-AC83-7EB804211E13}.Debug|iPhone.ActiveCfg = Debug|iPhone
		{F60F2ED2-FBEE-4521-AC83-7EB804211E13}.Debug|iPhone.Build.0 = Debug|iPhone
		{F60F2ED2-FBEE-4521-AC83-7EB804211E13}.Debug|iPhone.Deploy.0 = Debug|iPhone
		{F60F2ED2-FBEE-4521-AC83-7EB804211E13}.Debug|iPhoneSimulator.ActiveCfg = Debug|iPhoneSimulator
		{F60F2ED2-FBEE-4521-AC83-7EB804211E13}.Debug|iPhoneSimulator.Build.0 = Debug|iPhoneSimulator
		{F60F2ED2-FBEE-4521-AC83-7EB804211E13}.Debug|iPhoneSimulator.Deploy.0 = Debug|iPhoneSimulator
		{F60F2ED2-FBEE-4521-AC83-7EB804211E13}.Debug|x64.ActiveCfg = Debug|iPhone
		{F60F2ED2-FBEE-4521-AC83-7EB804211E13}.Debug|x64.Build.0 = Debug|iPhone
		{F60F2ED2-FBEE-4521-AC83-7EB804211E13}.Debug|x64.Deploy.0 = Debug|iPhone
		{F60F2ED2-FBEE-4521-AC83-7EB804211E13}.Debug|x86.ActiveCfg = Debug|iPhone
		{F60F2ED2-FBEE-4521-AC83-7EB804211E13}.Debug|x86.Build.0 = Debug|iPhone
		{F60F2ED2-FBEE-4521-AC83-7EB804211E13}.Debug|x86.Deploy.0 = Debug|iPhone
		{F60F2ED2-FBEE-4521-AC83-7EB804211E13}.Release|Any CPU.ActiveCfg = Release|iPhone
		{F60F2ED2-FBEE-4521-AC83-7EB804211E13}.Release|Any CPU.Build.0 = Release|iPhone
		{F60F2ED2-FBEE-4521-AC83-7EB804211E13}.Release|Any CPU.Deploy.0 = Release|iPhone
		{F60F2ED2-FBEE-4521-AC83-7EB804211E13}.Release|ARM.ActiveCfg = Release|iPhone
		{F60F2ED2-FBEE-4521-AC83-7EB804211E13}.Release|ARM.Build.0 = Release|iPhone
		{F60F2ED2-FBEE-4521-AC83-7EB804211E13}.Release|ARM.Deploy.0 = Release|iPhone
		{F60F2ED2-FBEE-4521-AC83-7EB804211E13}.Release|iPhone.ActiveCfg = Release|iPhone
		{F60F2ED2-FBEE-4521-AC83-7EB804211E13}.Release|iPhone.Build.0 = Release|iPhone
		{F60F2ED2-FBEE-4521-AC83-7EB804211E13}.Release|iPhone.Deploy.0 = Release|iPhone
		{F60F2ED2-FBEE-4521-AC83-7EB804211E13}.Release|iPhoneSimulator.ActiveCfg = Release|iPhoneSimulator
		{F60F2ED2-FBEE-4521-AC83-7EB804211E13}.Release|iPhoneSimulator.Build.0 = Release|iPhoneSimulator
		{F60F2ED2-FBEE-4521-AC83-7EB804211E13}.Release|iPhoneSimulator.Deploy.0 = Release|iPhoneSimulator
		{F60F2ED2-FBEE-4521-AC83-7EB804211E13}.Release|x64.ActiveCfg = Release|iPhone
		{F60F2ED2-FBEE-4521-AC83-7EB804211E13}.Release|x64.Build.0 = Release|iPhone
		{F60F2ED2-FBEE-4521-AC83-7EB804211E13}.Release|x64.Deploy.0 = Release|iPhone
		{F60F2ED2-FBEE-4521-AC83-7EB804211E13}.Release|x86.ActiveCfg = Release|iPhone
		{F60F2ED2-FBEE-4521-AC83-7EB804211E13}.Release|x86.Build.0 = Release|iPhone
		{F60F2ED2-FBEE-4521-AC83-7EB804211E13}.Release|x86.Deploy.0 = Release|iPhone
		{CBB60BA0-70C1-4B43-95BA-E1A86B4EEF6C}.Ad-Hoc|Any CPU.ActiveCfg = Release|x86
		{CBB60BA0-70C1-4B43-95BA-E1A86B4EEF6C}.Ad-Hoc|Any CPU.Build.0 = Release|x86
		{CBB60BA0-70C1-4B43-95BA-E1A86B4EEF6C}.Ad-Hoc|Any CPU.Deploy.0 = Release|x86
		{CBB60BA0-70C1-4B43-95BA-E1A86B4EEF6C}.Ad-Hoc|ARM.ActiveCfg = Release|ARM
		{CBB60BA0-70C1-4B43-95BA-E1A86B4EEF6C}.Ad-Hoc|ARM.Build.0 = Release|ARM
		{CBB60BA0-70C1-4B43-95BA-E1A86B4EEF6C}.Ad-Hoc|ARM.Deploy.0 = Release|ARM
		{CBB60BA0-70C1-4B43-95BA-E1A86B4EEF6C}.Ad-Hoc|iPhone.ActiveCfg = Release|x86
		{CBB60BA0-70C1-4B43-95BA-E1A86B4EEF6C}.Ad-Hoc|iPhone.Build.0 = Release|x86
		{CBB60BA0-70C1-4B43-95BA-E1A86B4EEF6C}.Ad-Hoc|iPhone.Deploy.0 = Release|x86
		{CBB60BA0-70C1-4B43-95BA-E1A86B4EEF6C}.Ad-Hoc|iPhoneSimulator.ActiveCfg = Release|x86
		{CBB60BA0-70C1-4B43-95BA-E1A86B4EEF6C}.Ad-Hoc|iPhoneSimulator.Build.0 = Release|x86
		{CBB60BA0-70C1-4B43-95BA-E1A86B4EEF6C}.Ad-Hoc|iPhoneSimulator.Deploy.0 = Release|x86
		{CBB60BA0-70C1-4B43-95BA-E1A86B4EEF6C}.Ad-Hoc|x64.ActiveCfg = Release|x64
		{CBB60BA0-70C1-4B43-95BA-E1A86B4EEF6C}.Ad-Hoc|x64.Build.0 = Release|x64
		{CBB60BA0-70C1-4B43-95BA-E1A86B4EEF6C}.Ad-Hoc|x64.Deploy.0 = Release|x64
		{CBB60BA0-70C1-4B43-95BA-E1A86B4EEF6C}.Ad-Hoc|x86.ActiveCfg = Release|x86
		{CBB60BA0-70C1-4B43-95BA-E1A86B4EEF6C}.Ad-Hoc|x86.Build.0 = Release|x86
		{CBB60BA0-70C1-4B43-95BA-E1A86B4EEF6C}.Ad-Hoc|x86.Deploy.0 = Release|x86
		{CBB60BA0-70C1-4B43-95BA-E1A86B4EEF6C}.AppStore|Any CPU.ActiveCfg = Release|x86
		{CBB60BA0-70C1-4B43-95BA-E1A86B4EEF6C}.AppStore|Any CPU.Build.0 = Release|x86
		{CBB60BA0-70C1-4B43-95BA-E1A86B4EEF6C}.AppStore|Any CPU.Deploy.0 = Release|x86
		{CBB60BA0-70C1-4B43-95BA-E1A86B4EEF6C}.AppStore|ARM.ActiveCfg = Release|ARM
		{CBB60BA0-70C1-4B43-95BA-E1A86B4EEF6C}.AppStore|ARM.Build.0 = Release|ARM
		{CBB60BA0-70C1-4B43-95BA-E1A86B4EEF6C}.AppStore|ARM.Deploy.0 = Release|ARM
		{CBB60BA0-70C1-4B43-95BA-E1A86B4EEF6C}.AppStore|iPhone.ActiveCfg = Release|x86
		{CBB60BA0-70C1-4B43-95BA-E1A86B4EEF6C}.AppStore|iPhone.Build.0 = Release|x86
		{CBB60BA0-70C1-4B43-95BA-E1A86B4EEF6C}.AppStore|iPhone.Deploy.0 = Release|x86
		{CBB60BA0-70C1-4B43-95BA-E1A86B4EEF6C}.AppStore|iPhoneSimulator.ActiveCfg = Release|x86
		{CBB60BA0-70C1-4B43-95BA-E1A86B4EEF6C}.AppStore|iPhoneSimulator.Build.0 = Release|x86
		{CBB60BA0-70C1-4B43-95BA-E1A86B4EEF6C}.AppStore|iPhoneSimulator.Deploy.0 = Release|x86
		{CBB60BA0-70C1-4B43-95BA-E1A86B4EEF6C}.AppStore|x64.ActiveCfg = Release|x64
		{CBB60BA0-70C1-4B43-95BA-E1A86B4EEF6C}.AppStore|x64.Build.0 = Release|x64
		{CBB60BA0-70C1-4B43-95BA-E1A86B4EEF6C}.AppStore|x64.Deploy.0 = Release|x64
		{CBB60BA0-70C1-4B43-95BA-E1A86B4EEF6C}.AppStore|x86.ActiveCfg = Release|x86
		{CBB60BA0-70C1-4B43-95BA-E1A86B4EEF6C}.AppStore|x86.Build.0 = Release|x86
		{CBB60BA0-70C1-4B43-95BA-E1A86B4EEF6C}.AppStore|x86.Deploy.0 = Release|x86
		{CBB60BA0-70C1-4B43-95BA-E1A86B4EEF6C}.Debug|Any CPU.ActiveCfg = Debug|x86
		{CBB60BA0-70C1-4B43-95BA-E1A86B4EEF6C}.Debug|Any CPU.Build.0 = Debug|x86
		{CBB60BA0-70C1-4B43-95BA-E1A86B4EEF6C}.Debug|Any CPU.Deploy.0 = Debug|x86
		{CBB60BA0-70C1-4B43-95BA-E1A86B4EEF6C}.Debug|ARM.ActiveCfg = Debug|ARM
		{CBB60BA0-70C1-4B43-95BA-E1A86B4EEF6C}.Debug|ARM.Build.0 = Debug|ARM
		{CBB60BA0-70C1-4B43-95BA-E1A86B4EEF6C}.Debug|ARM.Deploy.0 = Debug|ARM
		{CBB60BA0-70C1-4B43-95BA-E1A86B4EEF6C}.Debug|iPhone.ActiveCfg = Debug|x86
		{CBB60BA0-70C1-4B43-95BA-E1A86B4EEF6C}.Debug|iPhone.Build.0 = Debug|x86
		{CBB60BA0-70C1-4B43-95BA-E1A86B4EEF6C}.Debug|iPhone.Deploy.0 = Debug|x86
		{CBB60BA0-70C1-4B43-95BA-E1A86B4EEF6C}.Debug|iPhoneSimulator.ActiveCfg = Debug|x86
		{CBB60BA0-70C1-4B43-95BA-E1A86B4EEF6C}.Debug|iPhoneSimulator.Build.0 = Debug|x86
		{CBB60BA0-70C1-4B43-95BA-E1A86B4EEF6C}.Debug|iPhoneSimulator.Deploy.0 = Debug|x86
		{CBB60BA0-70C1-4B43-95BA-E1A86B4EEF6C}.Debug|x64.ActiveCfg = Debug|x64
		{CBB60BA0-70C1-4B43-95BA-E1A86B4EEF6C}.Debug|x64.Build.0 = Debug|x64
		{CBB60BA0-70C1-4B43-95BA-E1A86B4EEF6C}.Debug|x64.Deploy.0 = Debug|x64
		{CBB60BA0-70C1-4B43-95BA-E1A86B4EEF6C}.Debug|x86.ActiveCfg = Debug|x86
		{CBB60BA0-70C1-4B43-95BA-E1A86B4EEF6C}.Debug|x86.Build.0 = Debug|x86
		{CBB60BA0-70C1-4B43-95BA-E1A86B4EEF6C}.Debug|x86.Deploy.0 = Debug|x86
		{CBB60BA0-70C1-4B43-95BA-E1A86B4EEF6C}.Release|Any CPU.ActiveCfg = Release|x86
		{CBB60BA0-70C1-4B43-95BA-E1A86B4EEF6C}.Release|Any CPU.Build.0 = Release|x86
		{CBB60BA0-70C1-4B43-95BA-E1A86B4EEF6C}.Release|Any CPU.Deploy.0 = Release|x86
		{CBB60BA0-70C1-4B43-95BA-E1A86B4EEF6C}.Release|ARM.ActiveCfg = Release|ARM
		{CBB60BA0-70C1-4B43-95BA-E1A86B4EEF6C}.Release|ARM.Build.0 = Release|ARM
		{CBB60BA0-70C1-4B43-95BA-E1A86B4EEF6C}.Release|ARM.Deploy.0 = Release|ARM
		{CBB60BA0-70C1-4B43-95BA-E1A86B4EEF6C}.Release|iPhone.ActiveCfg = Release|x86
		{CBB60BA0-70C1-4B43-95BA-E1A86B4EEF6C}.Release|iPhone.Build.0 = Release|x86
		{CBB60BA0-70C1-4B43-95BA-E1A86B4EEF6C}.Release|iPhone.Deploy.0 = Release|x86
		{CBB60BA0-70C1-4B43-95BA-E1A86B4EEF6C}.Release|iPhoneSimulator.ActiveCfg = Release|x86
		{CBB60BA0-70C1-4B43-95BA-E1A86B4EEF6C}.Release|iPhoneSimulator.Build.0 = Release|x86
		{CBB60BA0-70C1-4B43-95BA-E1A86B4EEF6C}.Release|iPhoneSimulator.Deploy.0 = Release|x86
		{CBB60BA0-70C1-4B43-95BA-E1A86B4EEF6C}.Release|x64.ActiveCfg = Release|x64
		{CBB60BA0-70C1-4B43-95BA-E1A86B4EEF6C}.Release|x64.Build.0 = Release|x64
		{CBB60BA0-70C1-4B43-95BA-E1A86B4EEF6C}.Release|x64.Deploy.0 = Release|x64
		{CBB60BA0-70C1-4B43-95BA-E1A86B4EEF6C}.Release|x86.ActiveCfg = Release|x86
		{CBB60BA0-70C1-4B43-95BA-E1A86B4EEF6C}.Release|x86.Build.0 = Release|x86
		{CBB60BA0-70C1-4B43-95BA-E1A86B4EEF6C}.Release|x86.Deploy.0 = Release|x86
		{BD3228CC-39B2-403D-B950-BF72B5C9221D}.Ad-Hoc|Any CPU.ActiveCfg = Debug|Any CPU
		{BD3228CC-39B2-403D-B950-BF72B5C9221D}.Ad-Hoc|Any CPU.Build.0 = Debug|Any CPU
		{BD3228CC-39B2-403D-B950-BF72B5C9221D}.Ad-Hoc|Any CPU.Deploy.0 = Debug|Any CPU
		{BD3228CC-39B2-403D-B950-BF72B5C9221D}.Ad-Hoc|ARM.ActiveCfg = Debug|Any CPU
		{BD3228CC-39B2-403D-B950-BF72B5C9221D}.Ad-Hoc|ARM.Build.0 = Debug|Any CPU
		{BD3228CC-39B2-403D-B950-BF72B5C9221D}.Ad-Hoc|ARM.Deploy.0 = Debug|Any CPU
		{BD3228CC-39B2-403D-B950-BF72B5C9221D}.Ad-Hoc|iPhone.ActiveCfg = Debug|Any CPU
		{BD3228CC-39B2-403D-B950-BF72B5C9221D}.Ad-Hoc|iPhone.Build.0 = Debug|Any CPU
		{BD3228CC-39B2-403D-B950-BF72B5C9221D}.Ad-Hoc|iPhone.Deploy.0 = Debug|Any CPU
		{BD3228CC-39B2-403D-B950-BF72B5C9221D}.Ad-Hoc|iPhoneSimulator.ActiveCfg = Debug|Any CPU
		{BD3228CC-39B2-403D-B950-BF72B5C9221D}.Ad-Hoc|iPhoneSimulator.Build.0 = Debug|Any CPU
		{BD3228CC-39B2-403D-B950-BF72B5C9221D}.Ad-Hoc|iPhoneSimulator.Deploy.0 = Debug|Any CPU
		{BD3228CC-39B2-403D-B950-BF72B5C9221D}.Ad-Hoc|x64.ActiveCfg = Debug|Any CPU
		{BD3228CC-39B2-403D-B950-BF72B5C9221D}.Ad-Hoc|x64.Build.0 = Debug|Any CPU
		{BD3228CC-39B2-403D-B950-BF72B5C9221D}.Ad-Hoc|x64.Deploy.0 = Debug|Any CPU
		{BD3228CC-39B2-403D-B950-BF72B5C9221D}.Ad-Hoc|x86.ActiveCfg = Debug|Any CPU
		{BD3228CC-39B2-403D-B950-BF72B5C9221D}.Ad-Hoc|x86.Build.0 = Debug|Any CPU
		{BD3228CC-39B2-403D-B950-BF72B5C9221D}.Ad-Hoc|x86.Deploy.0 = Debug|Any CPU
		{BD3228CC-39B2-403D-B950-BF72B5C9221D}.AppStore|Any CPU.ActiveCfg = Debug|Any CPU
		{BD3228CC-39B2-403D-B950-BF72B5C9221D}.AppStore|Any CPU.Build.0 = Debug|Any CPU
		{BD3228CC-39B2-403D-B950-BF72B5C9221D}.AppStore|Any CPU.Deploy.0 = Debug|Any CPU
		{BD3228CC-39B2-403D-B950-BF72B5C9221D}.AppStore|ARM.ActiveCfg = Debug|Any CPU
		{BD3228CC-39B2-403D-B950-BF72B5C9221D}.AppStore|ARM.Build.0 = Debug|Any CPU
		{BD3228CC-39B2-403D-B950-BF72B5C9221D}.AppStore|ARM.Deploy.0 = Debug|Any CPU
		{BD3228CC-39B2-403D-B950-BF72B5C9221D}.AppStore|iPhone.ActiveCfg = Debug|Any CPU
		{BD3228CC-39B2-403D-B950-BF72B5C9221D}.AppStore|iPhone.Build.0 = Debug|Any CPU
		{BD3228CC-39B2-403D-B950-BF72B5C9221D}.AppStore|iPhone.Deploy.0 = Debug|Any CPU
		{BD3228CC-39B2-403D-B950-BF72B5C9221D}.AppStore|iPhoneSimulator.ActiveCfg = Debug|Any CPU
		{BD3228CC-39B2-403D-B950-BF72B5C9221D}.AppStore|iPhoneSimulator.Build.0 = Debug|Any CPU
		{BD3228CC-39B2-403D-B950-BF72B5C9221D}.AppStore|iPhoneSimulator.Deploy.0 = Debug|Any CPU
		{BD3228CC-39B2-403D-B950-BF72B5C9221D}.AppStore|x64.ActiveCfg = Debug|Any CPU
		{BD3228CC-39B2-403D-B950-BF72B5C9221D}.AppStore|x64.Build.0 = Debug|Any CPU
		{BD3228CC-39B2-403D-B950-BF72B5C9221D}.AppStore|x64.Deploy.0 = Debug|Any CPU
		{BD3228CC-39B2-403D-B950-BF72B5C9221D}.AppStore|x86.ActiveCfg = Debug|Any CPU
		{BD3228CC-39B2-403D-B950-BF72B5C9221D}.AppStore|x86.Build.0 = Debug|Any CPU
		{BD3228CC-39B2-403D-B950-BF72B5C9221D}.AppStore|x86.Deploy.0 = Debug|Any CPU
		{BD3228CC-39B2-403D-B950-BF72B5C9221D}.Debug|Any CPU.ActiveCfg = Debug|Any CPU
		{BD3228CC-39B2-403D-B950-BF72B5C9221D}.Debug|Any CPU.Build.0 = Debug|Any CPU
		{BD3228CC-39B2-403D-B950-BF72B5C9221D}.Debug|Any CPU.Deploy.0 = Debug|Any CPU
		{BD3228CC-39B2-403D-B950-BF72B5C9221D}.Debug|ARM.ActiveCfg = Debug|Any CPU
		{BD3228CC-39B2-403D-B950-BF72B5C9221D}.Debug|ARM.Build.0 = Debug|Any CPU
		{BD3228CC-39B2-403D-B950-BF72B5C9221D}.Debug|ARM.Deploy.0 = Debug|Any CPU
		{BD3228CC-39B2-403D-B950-BF72B5C9221D}.Debug|iPhone.ActiveCfg = Debug|Any CPU
		{BD3228CC-39B2-403D-B950-BF72B5C9221D}.Debug|iPhone.Build.0 = Debug|Any CPU
		{BD3228CC-39B2-403D-B950-BF72B5C9221D}.Debug|iPhone.Deploy.0 = Debug|Any CPU
		{BD3228CC-39B2-403D-B950-BF72B5C9221D}.Debug|iPhoneSimulator.ActiveCfg = Debug|Any CPU
		{BD3228CC-39B2-403D-B950-BF72B5C9221D}.Debug|iPhoneSimulator.Build.0 = Debug|Any CPU
		{BD3228CC-39B2-403D-B950-BF72B5C9221D}.Debug|iPhoneSimulator.Deploy.0 = Debug|Any CPU
		{BD3228CC-39B2-403D-B950-BF72B5C9221D}.Debug|x64.ActiveCfg = Debug|Any CPU
		{BD3228CC-39B2-403D-B950-BF72B5C9221D}.Debug|x64.Build.0 = Debug|Any CPU
		{BD3228CC-39B2-403D-B950-BF72B5C9221D}.Debug|x64.Deploy.0 = Debug|Any CPU
		{BD3228CC-39B2-403D-B950-BF72B5C9221D}.Debug|x86.ActiveCfg = Debug|Any CPU
		{BD3228CC-39B2-403D-B950-BF72B5C9221D}.Debug|x86.Build.0 = Debug|Any CPU
		{BD3228CC-39B2-403D-B950-BF72B5C9221D}.Debug|x86.Deploy.0 = Debug|Any CPU
		{BD3228CC-39B2-403D-B950-BF72B5C9221D}.Release|Any CPU.ActiveCfg = Release|Any CPU
		{BD3228CC-39B2-403D-B950-BF72B5C9221D}.Release|Any CPU.Build.0 = Release|Any CPU
		{BD3228CC-39B2-403D-B950-BF72B5C9221D}.Release|Any CPU.Deploy.0 = Release|Any CPU
		{BD3228CC-39B2-403D-B950-BF72B5C9221D}.Release|ARM.ActiveCfg = Release|Any CPU
		{BD3228CC-39B2-403D-B950-BF72B5C9221D}.Release|ARM.Build.0 = Release|Any CPU
		{BD3228CC-39B2-403D-B950-BF72B5C9221D}.Release|ARM.Deploy.0 = Release|Any CPU
		{BD3228CC-39B2-403D-B950-BF72B5C9221D}.Release|iPhone.ActiveCfg = Release|Any CPU
		{BD3228CC-39B2-403D-B950-BF72B5C9221D}.Release|iPhone.Build.0 = Release|Any CPU
		{BD3228CC-39B2-403D-B950-BF72B5C9221D}.Release|iPhone.Deploy.0 = Release|Any CPU
		{BD3228CC-39B2-403D-B950-BF72B5C9221D}.Release|iPhoneSimulator.ActiveCfg = Release|Any CPU
		{BD3228CC-39B2-403D-B950-BF72B5C9221D}.Release|iPhoneSimulator.Build.0 = Release|Any CPU
		{BD3228CC-39B2-403D-B950-BF72B5C9221D}.Release|iPhoneSimulator.Deploy.0 = Release|Any CPU
		{BD3228CC-39B2-403D-B950-BF72B5C9221D}.Release|x64.ActiveCfg = Release|Any CPU
		{BD3228CC-39B2-403D-B950-BF72B5C9221D}.Release|x64.Build.0 = Release|Any CPU
		{BD3228CC-39B2-403D-B950-BF72B5C9221D}.Release|x64.Deploy.0 = Release|Any CPU
		{BD3228CC-39B2-403D-B950-BF72B5C9221D}.Release|x86.ActiveCfg = Release|Any CPU
		{BD3228CC-39B2-403D-B950-BF72B5C9221D}.Release|x86.Build.0 = Release|Any CPU
		{BD3228CC-39B2-403D-B950-BF72B5C9221D}.Release|x86.Deploy.0 = Release|Any CPU
	EndGlobalSection
	GlobalSection(SolutionProperties) = preSolution
		HideSolutionNode = FALSE
	EndGlobalSection
	GlobalSection(ExtensibilityGlobals) = postSolution
		SolutionGuid = {5AB73382-84E4-4C8F-828A-FEDC37E5419E}
	EndGlobalSection
EndGlobal
